
Microsoft Visual Studio Solution File, Format Version 12.00
# Visual Studio Version 17
VisualStudioVersion = 17.9.34723.18
MinimumVisualStudioVersion = 10.0.40219.1
Project("{9A19103F-16F7-4668-BE54-9A1E7A4F7556}") = "CysteinePaymentGateway.API", "CysteinePaymentGateway.API\CysteinePaymentGateway.API.csproj", "{4A95D554-3498-499A-85AD-635ECD00B98B}"
EndProject
Project("{FAE04EC0-301F-11D3-BF4B-00C04F79EFBC}") = "CysteinePaymentGateway.VPOS", "CysteinePaymentGateway.VPOS\CysteinePaymentGateway.VPOS.csproj", "{E2B7E07E-D00F-4273-A5D0-4F04BB22BC4D}"
EndProject
Global
	GlobalSection(SolutionConfigurationPlatforms) = preSolution
		Debug|Any CPU = Debug|Any CPU
		Release|Any CPU = Release|Any CPU
	EndGlobalSection
	GlobalSection(ProjectConfigurationPlatforms) = postSolution
		{4A95D554-3498-499A-85AD-635ECD00B98B}.Debug|Any CPU.ActiveCfg = Debug|Any CPU
		{4A95D554-3498-499A-85AD-635ECD00B98B}.Debug|Any CPU.Build.0 = Debug|Any CPU
		{4A95D554-3498-499A-85AD-635ECD00B98B}.Release|Any CPU.ActiveCfg = Release|Any CPU
		{4A95D554-3498-499A-85AD-635ECD00B98B}.Release|Any CPU.Build.0 = Release|Any CPU
		{E2B7E07E-D00F-4273-A5D0-4F04BB22BC4D}.Debug|Any CPU.ActiveCfg = Debug|Any CPU
		{E2B7E07E-D00F-4273-A5D0-4F04BB22BC4D}.Debug|Any CPU.Build.0 = Debug|Any CPU
		{E2B7E07E-D00F-4273-A5D0-4F04BB22BC4D}.Release|Any CPU.ActiveCfg = Release|Any CPU
		{E2B7E07E-D00F-4273-A5D0-4F04BB22BC4D}.Release|Any CPU.Build.0 = Release|Any CPU
	EndGlobalSection
	GlobalSection(SolutionProperties) = preSolution
		HideSolutionNode = FALSE
	EndGlobalSection
	GlobalSection(ExtensibilityGlobals) = postSolution
		SolutionGuid = {DBBA95C5-AEFB-4AD8-8D34-58E07D52E90C}
	EndGlobalSection
EndGlobal
